// !$*UTF8*$!
{
	archiveVersion = 1;
	classes = {
	};
	objectVersion = 46;
	objects = {

/* Begin PBXBuildFile section */
		354888681CC08C400027B96F /* AppDelegate.swift in Sources */ = {isa = PBXBuildFile; fileRef = 354888671CC08C400027B96F /* AppDelegate.swift */; };
		3548886A1CC08C400027B96F /* ViewController.swift in Sources */ = {isa = PBXBuildFile; fileRef = 354888691CC08C400027B96F /* ViewController.swift */; };
		3548886F1CC08C400027B96F /* Assets.xcassets in Resources */ = {isa = PBXBuildFile; fileRef = 3548886E1CC08C400027B96F /* Assets.xcassets */; };
		354888721CC08C400027B96F /* LaunchScreen.storyboard in Resources */ = {isa = PBXBuildFile; fileRef = 354888701CC08C400027B96F /* LaunchScreen.storyboard */; };
/* End PBXBuildFile section */

/* Begin PBXFileReference section */
		354888641CC08C400027B96F /* StoryboardsSuck.app */ = {isa = PBXFileReference; explicitFileType = wrapper.application; includeInIndex = 0; path = StoryboardsSuck.app; sourceTree = BUILT_PRODUCTS_DIR; };
		354888671CC08C400027B96F /* AppDelegate.swift */ = {isa = PBXFileReference; lastKnownFileType = sourcecode.swift; path = AppDelegate.swift; sourceTree = "<group>"; };
		354888691CC08C400027B96F /* ViewController.swift */ = {isa = PBXFileReference; lastKnownFileType = sourcecode.swift; path = ViewController.swift; sourceTree = "<group>"; };
		3548886E1CC08C400027B96F /* Assets.xcassets */ = {isa = PBXFileReference; lastKnownFileType = folder.assetcatalog; path = Assets.xcassets; sourceTree = "<group>"; };
		354888711CC08C400027B96F /* Base */ = {isa = PBXFileReference; lastKnownFileType = file.storyboard; name = Base; path = Base.lproj/LaunchScreen.storyboard; sourceTree = "<group>"; };
		354888731CC08C400027B96F /* Info.plist */ = {isa = PBXFileReference; lastKnownFileType = text.plist.xml; path = Info.plist; sourceTree = "<group>"; };
/* End PBXFileReference section */

/* Begin PBXFrameworksBuildPhase section */
		354888611CC08C400027B96F /* Frameworks */ = {
			isa = PBXFrameworksBuildPhase;
			buildActionMask = 2147483647;
			files = (
			);
			runOnlyForDeploymentPostprocessing = 0;
		};
/* End PBXFrameworksBuildPhase section */

/* Begin PBXGroup section */
		3548885B1CC08C400027B96F = {
			isa = PBXGroup;
			children = (
				354888661CC08C400027B96F /* StoryboardsSuck */,
				354888651CC08C400027B96F /* Products */,
			);
			sourceTree = "<group>";
		};
		354888651CC08C400027B96F /* Products */ = {
			isa = PBXGroup;
			children = (
				354888641CC08C400027B96F /* StoryboardsSuck.app */,
			);
			name = Products;
			sourceTree = "<group>";
		};
		354888661CC08C400027B96F /* StoryboardsSuck */ = {
			isa = PBXGroup;
			children = (
				354888671CC08C400027B96F /* AppDelegate.swift */,
				354888691CC08C400027B96F /* ViewController.swift */,
				3548886E1CC08C400027B96F /* Assets.xcassets */,
				354888701CC08C400027B96F /* LaunchScreen.storyboard */,
				354888731CC08C400027B96F /* Info.plist */,
			);
			path = StoryboardsSuck;
			sourceTree = "<group>";
		};
/* End PBXGroup section */

/* Begin PBXNativeTarget section */
		354888631CC08C400027B96F /* StoryboardsSuck */ = {
			isa = PBXNativeTarget;
			buildConfigurationList = 354888761CC08C400027B96F /* Build configuration list for PBXNativeTarget "StoryboardsSuck" */;
			buildPhases = (
				354888601CC08C400027B96F /* Sources */,
				354888611CC08C400027B96F /* Frameworks */,
				354888621CC08C400027B96F /* Resources */,
			);
			buildRules = (
			);
			dependencies = (
			);
			name = StoryboardsSuck;
			productName = StoryboardsSuck;
			productReference = 354888641CC08C400027B96F /* StoryboardsSuck.app */;
			productType = "com.apple.product-type.application";
		};
/* End PBXNativeTarget section */

/* Begin PBXProject section */
		3548885C1CC08C400027B96F /* Project object */ = {
			isa = PBXProject;
			attributes = {
				LastSwiftUpdateCheck = 0730;
				LastUpgradeCheck = 0730;
				ORGANIZATIONNAME = JeremyPetter;
				TargetAttributes = {
					354888631CC08C400027B96F = {
						CreatedOnToolsVersion = 7.3;
					};
				};
			};
			buildConfigurationList = 3548885F1CC08C400027B96F /* Build configuration list for PBXProject "StoryboardsSuck" */;
			compatibilityVersion = "Xcode 3.2";
			developmentRegion = English;
			hasScannedForEncodings = 0;
			knownRegions = (
				en,
				Base,
			);
			mainGroup = 3548885B1CC08C400027B96F;
			productRefGroup = 354888651CC08C400027B96F /* Products */;
			projectDirPath = "";
			projectRoot = "";
			targets = (
				354888631CC08C400027B96F /* StoryboardsSuck */,
			);
		};
/* End PBXProject section */

/* Begin PBXResourcesBuildPhase section */
		354888621CC08C400027B96F /* Resources */ = {
			isa = PBXResourcesBuildPhase;
			buildActionMask = 2147483647;
			files = (
				354888721CC08C400027B96F /* LaunchScreen.storyboard in Resources */,
				3548886F1CC08C400027B96F /* Assets.xcassets in Resources */,
			);
			runOnlyForDeploymentPostprocessing = 0;
		};
/* End PBXResourcesBuildPhase section */

/* Begin PBXSourcesBuildPhase section */
		354888601CC08C400027B96F /* Sources */ = {
			isa = PBXSourcesBuildPhase;
			buildActionMask = 2147483647;
			files = (
				3548886A1CC08C400027B96F /* ViewController.swift in Sources */,
				354888681CC08C400027B96F /* AppDelegate.swift in Sources */,
			);
			runOnlyForDeploymentPostprocessing = 0;
		};
/* End PBXSourcesBuildPhase section */

/* Begin PBXVariantGroup section */
		354888701CC08C400027B96F /* LaunchScreen.storyboard */ = {
			isa = PBXVariantGroup;
			children = (
				354888711CC08C400027B96F /* Base */,
			);
			name = LaunchScreen.storyboard;
			sourceTree = "<group>";
		};
/* End PBXVariantGroup section */

/* Begin XCBuildConfiguration section */
		354888741CC08C400027B96F /* Debug */ = {
			isa = XCBuildConfiguration;
			buildSettings = {
				ALWAYS_SEARCH_USER_PATHS = NO;
				CLANG_ANALYZER_NONNULL = YES;
				CLANG_CXX_LANGUAGE_STANDARD = "gnu++0x";
				CLANG_CXX_LIBRARY = "libc++";
				CLANG_ENABLE_MODULES = YES;
				CLANG_ENABLE_OBJC_ARC = YES;
				CLANG_WARN_BOOL_CONVERSION = YES;
				CLANG_WARN_CONSTANT_CONVERSION = YES;
				CLANG_WARN_DIRECT_OBJC_ISA_USAGE = YES_ERROR;
				CLANG_WARN_EMPTY_BODY = YES;
				CLANG_WARN_ENUM_CONVERSION = YES;
				CLANG_WARN_INT_CONVERSION = YES;
				CLANG_WARN_OBJC_ROOT_CLASS = YES_ERROR;
				CLANG_WARN_UNREACHABLE_CODE = YES;
				CLANG_WARN__DUPLICATE_METHOD_MATCH = YES;
				"CODE_SIGN_IDENTITY[sdk=iphoneos*]" = "iPhone Developer";
				COPY_PHASE_STRIP = NO;
				DEBUG_INFORMATION_FORMAT = dwarf;
				ENABLE_STRICT_OBJC_MSGSEND = YES;
				ENABLE_TESTABILITY = YES;
				GCC_C_LANGUAGE_STANDARD = gnu99;
				GCC_DYNAMIC_NO_PIC = NO;
				GCC_NO_COMMON_BLOCKS = YES;
				GCC_OPTIMIZATION_LEVEL = 0;
				GCC_PREPROCESSOR_DEFINITIONS = (
					"DEBUG=1",
					"$(inherited)",
				);
				GCC_WARN_64_TO_32_BIT_CONVERSION = YES;
				GCC_WARN_ABOUT_RETURN_TYPE = YES_ERROR;
				GCC_WARN_UNDECLARED_SELECTOR = YES;
				GCC_WARN_UNINITIALIZED_AUTOS = YES_AGGRESSIVE;
				GCC_WARN_UNUSED_FUNCTION = YES;
				GCC_WARN_UNUSED_VARIABLE = YES;
				IPHONEOS_DEPLOYMENT_TARGET = 9.3;
				MTL_ENABLE_DEBUG_INFO = YES;
				ONLY_ACTIVE_ARCH = YES;
				SDKROOT = iphoneos;
				SWIFT_OPTIMIZATION_LEVEL = "-Onone";
				TARGETED_DEVICE_FAMILY = "1,2";
			};
			name = Debug;
		};
		354888751CC08C400027B96F /* Release */ = {
			isa = XCBuildConfiguration;
			buildSettings = {
				ALWAYS_SEARCH_USER_PATHS = NO;
				CLANG_ANALYZER_NONNULL = YES;
				CLANG_CXX_LANGUAGE_STANDARD = "gnu++0x";
				CLANG_CXX_LIBRARY = "libc++";
				CLANG_ENABLE_MODULES = YES;
				CLANG_ENABLE_OBJC_ARC = YES;
				CLANG_WARN_BOOL_CONVERSION = YES;
				CLANG_WARN_CONSTANT_CONVERSION = YES;
				CLANG_WARN_DIRECT_OBJC_ISA_USAGE = YES_ERROR;
				CLANG_WARN_EMPTY_BODY = YES;
				CLANG_WARN_ENUM_CONVERSION = YES;
				CLANG_WARN_INT_CONVERSION = YES;
				CLANG_WARN_OBJC_ROOT_CLASS = YES_ERROR;
				CLANG_WARN_UNREACHABLE_CODE = YES;
				CLANG_WARN__DUPLICATE_METHOD_MATCH = YES;
				"CODE_SIGN_IDENTITY[sdk=iphoneos*]" = "iPhone Developer";
				COPY_PHASE_STRIP = NO;
				DEBUG_INFORMATION_FORMAT = "dwarf-with-dsym";
				ENABLE_NS_ASSERTIONS = NO;
				ENABLE_STRICT_OBJC_MSGSEND = YES;
				GCC_C_LANGUAGE_STANDARD = gnu99;
				GCC_NO_COMMON_BLOCKS = YES;
				GCC_WARN_64_TO_32_BIT_CONVERSION = YES;
				GCC_WARN_ABOUT_RETURN_TYPE = YES_ERROR;
				GCC_WARN_UNDECLARED_SELECTOR = YES;
				GCC_WARN_UNINITIALIZED_AUTOS = YES_AGGRESSIVE;
				GCC_WARN_UNUSED_FUNCTION = YES;
				GCC_WARN_UNUSED_VARIABLE = YES;
				IPHONEOS_DEPLOYMENT_TARGET = 9.3;
				MTL_ENABLE_DEBUG_INFO = NO;
				SDKROOT = iphoneos;
				TARGETED_DEVICE_FAMILY = "1,2";
				VALIDATE_PRODUCT = YES;
			};
			name = Release;
		};
		354888771CC08C400027B96F /* Debug */ = {
			isa = XCBuildConfiguration;
			buildSettings = {
				ASSETCATALOG_COMPILER_APPICON_NAME = AppIcon;
				INFOPLIST_FILE = StoryboardsSuck/Info.plist;
				LD_RUNPATH_SEARCH_PATHS = "$(inherited) @executable_path/Frameworks";
				PRODUCT_BUNDLE_IDENTIFIER = com.JeremyPetter.StoryboardsSuck;
				PRODUCT_NAME = "$(TARGET_NAME)";
			};
			name = Debug;
		};
		354888781CC08C400027B96F /* Release */ = {
			isa = XCBuildConfiguration;
			buildSettings = {
				ASSETCATALOG_COMPILER_APPICON_NAME = AppIcon;
				INFOPLIST_FILE = StoryboardsSuck/Info.plist;
				LD_RUNPATH_SEARCH_PATHS = "$(inherited) @executable_path/Frameworks";
				PRODUCT_BUNDLE_IDENTIFIER = com.JeremyPetter.StoryboardsSuck;
				PRODUCT_NAME = "$(TARGET_NAME)";
			};
			name = Release;
		};
/* End XCBuildConfiguration section */

/* Begin XCConfigurationList section */
		3548885F1CC08C400027B96F /* Build configuration list for PBXProject "StoryboardsSuck" */ = {
			isa = XCConfigurationList;
			buildConfigurations = (
				354888741CC08C400027B96F /* Debug */,
				354888751CC08C400027B96F /* Release */,
			);
			defaultConfigurationIsVisible = 0;
			defaultConfigurationName = Release;
		};
		354888761CC08C400027B96F /* Build configuration list for PBXNativeTarget "StoryboardsSuck" */ = {
			isa = XCConfigurationList;
			buildConfigurations = (
				354888771CC08C400027B96F /* Debug */,
				354888781CC08C400027B96F /* Release */,
			);
			defaultConfigurationIsVisible = 0;
		};
/* End XCConfigurationList section */
	};
	rootObject = 3548885C1CC08C400027B96F /* Project object */;
}
